// !$*UTF8*$!
{
	archiveVersion = 1;
	classes = {
	};
	objectVersion = 46;
	objects = {

/* Begin PBXBuildFile section */
		011B75A11B3B85BE001D2119 /* ttrLoginCtrlr.m in Sources */ = {isa = PBXBuildFile; fileRef = 011B75A01B3B85BE001D2119 /* ttrLoginCtrlr.m */; };
		011B75A41B3B86D5001D2119 /* ttrLoginView.m in Sources */ = {isa = PBXBuildFile; fileRef = 011B75A31B3B86D5001D2119 /* ttrLoginView.m */; };
		017B58B71B381051002A0ED6 /* main.m in Sources */ = {isa = PBXBuildFile; fileRef = 017B58B61B381051002A0ED6 /* main.m */; };
		017B58BA1B381051002A0ED6 /* AppDelegate.m in Sources */ = {isa = PBXBuildFile; fileRef = 017B58B91B381051002A0ED6 /* AppDelegate.m */; };
		017B58C01B381051002A0ED6 /* Main.storyboard in Resources */ = {isa = PBXBuildFile; fileRef = 017B58BE1B381051002A0ED6 /* Main.storyboard */; };
		017B58C21B381051002A0ED6 /* Images.xcassets in Resources */ = {isa = PBXBuildFile; fileRef = 017B58C11B381051002A0ED6 /* Images.xcassets */; };
		017B58D11B381051002A0ED6 /* TexTrTests.m in Sources */ = {isa = PBXBuildFile; fileRef = 017B58D01B381051002A0ED6 /* TexTrTests.m */; };
		01D728481B38262A004C3F52 /* ttrBaseNavController.m in Sources */ = {isa = PBXBuildFile; fileRef = 01D728471B38262A004C3F52 /* ttrBaseNavController.m */; };
		01D7284B1B38264C004C3F52 /* ttrDefaults.m in Sources */ = {isa = PBXBuildFile; fileRef = 01D7284A1B38264C004C3F52 /* ttrDefaults.m */; };
		01D7284E1B382662004C3F52 /* ttrBaseController.m in Sources */ = {isa = PBXBuildFile; fileRef = 01D7284D1B382662004C3F52 /* ttrBaseController.m */; };
		01D728511B382846004C3F52 /* ttrCommonUtilities.m in Sources */ = {isa = PBXBuildFile; fileRef = 01D728501B382846004C3F52 /* ttrCommonUtilities.m */; };
		01D728541B38291E004C3F52 /* ttrBaseNavigatorSegue.m in Sources */ = {isa = PBXBuildFile; fileRef = 01D728531B38291E004C3F52 /* ttrBaseNavigatorSegue.m */; };
		01D728581B3829EE004C3F52 /* ttrSgnLgnOptionScreen.m in Sources */ = {isa = PBXBuildFile; fileRef = 01D728571B3829EE004C3F52 /* ttrSgnLgnOptionScreen.m */; };
		01D7285B1B384AFC004C3F52 /* ttrSignUpCtrlr.m in Sources */ = {isa = PBXBuildFile; fileRef = 01D7285A1B384AFC004C3F52 /* ttrSignUpCtrlr.m */; };
		01D7285E1B385630004C3F52 /* ttrSignUpView.m in Sources */ = {isa = PBXBuildFile; fileRef = 01D7285D1B385630004C3F52 /* ttrSignUpView.m */; };
		01E57BF01B3AC182006C4047 /* ttrCaptureDate.m in Sources */ = {isa = PBXBuildFile; fileRef = 01E57BEF1B3AC182006C4047 /* ttrCaptureDate.m */; };
		01E57BF31B3AD2DE006C4047 /* ttrRESTProxy.m in Sources */ = {isa = PBXBuildFile; fileRef = 01E57BF21B3AD2DE006C4047 /* ttrRESTProxy.m */; };
		01E57BF61B3AFC8B006C4047 /* Base64.m in Sources */ = {isa = PBXBuildFile; fileRef = 01E57BF51B3AFC8B006C4047 /* Base64.m */; };
		01EB8D501B39A27000CFF090 /* ttrProfilePictureCapture.m in Sources */ = {isa = PBXBuildFile; fileRef = 01EB8D4F1B39A27000CFF090 /* ttrProfilePictureCapture.m */; };
		01F159D51B3999DD00FDF78B /* AVFoundation.framework in Frameworks */ = {isa = PBXBuildFile; fileRef = 01F159D41B3999DD00FDF78B /* AVFoundation.framework */; };
/* End PBXBuildFile section */

/* Begin PBXContainerItemProxy section */
		017B58CB1B381051002A0ED6 /* PBXContainerItemProxy */ = {
			isa = PBXContainerItemProxy;
			containerPortal = 017B58A91B381051002A0ED6 /* Project object */;
			proxyType = 1;
			remoteGlobalIDString = 017B58B01B381051002A0ED6;
			remoteInfo = TexTr;
		};
/* End PBXContainerItemProxy section */

/* Begin PBXFileReference section */
		011B759F1B3B85BE001D2119 /* ttrLoginCtrlr.h */ = {isa = PBXFileReference; fileEncoding = 4; lastKnownFileType = sourcecode.c.h; path = ttrLoginCtrlr.h; sourceTree = "<group>"; };
		011B75A01B3B85BE001D2119 /* ttrLoginCtrlr.m */ = {isa = PBXFileReference; fileEncoding = 4; lastKnownFileType = sourcecode.c.objc; path = ttrLoginCtrlr.m; sourceTree = "<group>"; };
		011B75A21B3B86D5001D2119 /* ttrLoginView.h */ = {isa = PBXFileReference; fileEncoding = 4; lastKnownFileType = sourcecode.c.h; path = ttrLoginView.h; sourceTree = "<group>"; };
		011B75A31B3B86D5001D2119 /* ttrLoginView.m */ = {isa = PBXFileReference; fileEncoding = 4; lastKnownFileType = sourcecode.c.objc; path = ttrLoginView.m; sourceTree = "<group>"; };
		017B58B11B381051002A0ED6 /* TexTr.app */ = {isa = PBXFileReference; explicitFileType = wrapper.application; includeInIndex = 0; path = TexTr.app; sourceTree = BUILT_PRODUCTS_DIR; };
		017B58B51B381051002A0ED6 /* Info.plist */ = {isa = PBXFileReference; lastKnownFileType = text.plist.xml; path = Info.plist; sourceTree = "<group>"; };
		017B58B61B381051002A0ED6 /* main.m */ = {isa = PBXFileReference; lastKnownFileType = sourcecode.c.objc; path = main.m; sourceTree = "<group>"; };
		017B58B81B381051002A0ED6 /* AppDelegate.h */ = {isa = PBXFileReference; lastKnownFileType = sourcecode.c.h; path = AppDelegate.h; sourceTree = "<group>"; };
		017B58B91B381051002A0ED6 /* AppDelegate.m */ = {isa = PBXFileReference; lastKnownFileType = sourcecode.c.objc; path = AppDelegate.m; sourceTree = "<group>"; };
		017B58BF1B381051002A0ED6 /* Base */ = {isa = PBXFileReference; lastKnownFileType = file.storyboard; name = Base; path = Base.lproj/Main.storyboard; sourceTree = "<group>"; };
		017B58C11B381051002A0ED6 /* Images.xcassets */ = {isa = PBXFileReference; lastKnownFileType = folder.assetcatalog; path = Images.xcassets; sourceTree = "<group>"; };
		017B58CA1B381051002A0ED6 /* TexTrTests.xctest */ = {isa = PBXFileReference; explicitFileType = wrapper.cfbundle; includeInIndex = 0; path = TexTrTests.xctest; sourceTree = BUILT_PRODUCTS_DIR; };
		017B58CF1B381051002A0ED6 /* Info.plist */ = {isa = PBXFileReference; lastKnownFileType = text.plist.xml; path = Info.plist; sourceTree = "<group>"; };
		017B58D01B381051002A0ED6 /* TexTrTests.m */ = {isa = PBXFileReference; lastKnownFileType = sourcecode.c.objc; path = TexTrTests.m; sourceTree = "<group>"; };
		01D728461B38262A004C3F52 /* ttrBaseNavController.h */ = {isa = PBXFileReference; fileEncoding = 4; lastKnownFileType = sourcecode.c.h; path = ttrBaseNavController.h; sourceTree = "<group>"; };
		01D728471B38262A004C3F52 /* ttrBaseNavController.m */ = {isa = PBXFileReference; fileEncoding = 4; lastKnownFileType = sourcecode.c.objc; path = ttrBaseNavController.m; sourceTree = "<group>"; };
		01D728491B38264C004C3F52 /* ttrDefaults.h */ = {isa = PBXFileReference; fileEncoding = 4; lastKnownFileType = sourcecode.c.h; path = ttrDefaults.h; sourceTree = "<group>"; };
		01D7284A1B38264C004C3F52 /* ttrDefaults.m */ = {isa = PBXFileReference; fileEncoding = 4; lastKnownFileType = sourcecode.c.objc; path = ttrDefaults.m; sourceTree = "<group>"; };
		01D7284C1B382662004C3F52 /* ttrBaseController.h */ = {isa = PBXFileReference; fileEncoding = 4; lastKnownFileType = sourcecode.c.h; path = ttrBaseController.h; sourceTree = "<group>"; };
		01D7284D1B382662004C3F52 /* ttrBaseController.m */ = {isa = PBXFileReference; fileEncoding = 4; lastKnownFileType = sourcecode.c.objc; path = ttrBaseController.m; sourceTree = "<group>"; };
		01D7284F1B382846004C3F52 /* ttrCommonUtilities.h */ = {isa = PBXFileReference; fileEncoding = 4; lastKnownFileType = sourcecode.c.h; path = ttrCommonUtilities.h; sourceTree = "<group>"; };
		01D728501B382846004C3F52 /* ttrCommonUtilities.m */ = {isa = PBXFileReference; fileEncoding = 4; lastKnownFileType = sourcecode.c.objc; path = ttrCommonUtilities.m; sourceTree = "<group>"; };
		01D728521B38291E004C3F52 /* ttrBaseNavigatorSegue.h */ = {isa = PBXFileReference; fileEncoding = 4; lastKnownFileType = sourcecode.c.h; path = ttrBaseNavigatorSegue.h; sourceTree = "<group>"; };
		01D728531B38291E004C3F52 /* ttrBaseNavigatorSegue.m */ = {isa = PBXFileReference; fileEncoding = 4; lastKnownFileType = sourcecode.c.objc; path = ttrBaseNavigatorSegue.m; sourceTree = "<group>"; };
		01D728561B3829EE004C3F52 /* ttrSgnLgnOptionScreen.h */ = {isa = PBXFileReference; fileEncoding = 4; lastKnownFileType = sourcecode.c.h; path = ttrSgnLgnOptionScreen.h; sourceTree = "<group>"; };
		01D728571B3829EE004C3F52 /* ttrSgnLgnOptionScreen.m */ = {isa = PBXFileReference; fileEncoding = 4; lastKnownFileType = sourcecode.c.objc; path = ttrSgnLgnOptionScreen.m; sourceTree = "<group>"; };
		01D728591B384AFC004C3F52 /* ttrSignUpCtrlr.h */ = {isa = PBXFileReference; fileEncoding = 4; lastKnownFileType = sourcecode.c.h; path = ttrSignUpCtrlr.h; sourceTree = "<group>"; };
		01D7285A1B384AFC004C3F52 /* ttrSignUpCtrlr.m */ = {isa = PBXFileReference; fileEncoding = 4; lastKnownFileType = sourcecode.c.objc; path = ttrSignUpCtrlr.m; sourceTree = "<group>"; };
		01D7285C1B385630004C3F52 /* ttrSignUpView.h */ = {isa = PBXFileReference; fileEncoding = 4; lastKnownFileType = sourcecode.c.h; path = ttrSignUpView.h; sourceTree = "<group>"; };
		01D7285D1B385630004C3F52 /* ttrSignUpView.m */ = {isa = PBXFileReference; fileEncoding = 4; lastKnownFileType = sourcecode.c.objc; path = ttrSignUpView.m; sourceTree = "<group>"; };
		01E57BEE1B3AC182006C4047 /* ttrCaptureDate.h */ = {isa = PBXFileReference; fileEncoding = 4; lastKnownFileType = sourcecode.c.h; path = ttrCaptureDate.h; sourceTree = "<group>"; };
		01E57BEF1B3AC182006C4047 /* ttrCaptureDate.m */ = {isa = PBXFileReference; fileEncoding = 4; lastKnownFileType = sourcecode.c.objc; path = ttrCaptureDate.m; sourceTree = "<group>"; };
		01E57BF11B3AD2DE006C4047 /* ttrRESTProxy.h */ = {isa = PBXFileReference; fileEncoding = 4; lastKnownFileType = sourcecode.c.h; path = ttrRESTProxy.h; sourceTree = "<group>"; };
		01E57BF21B3AD2DE006C4047 /* ttrRESTProxy.m */ = {isa = PBXFileReference; fileEncoding = 4; lastKnownFileType = sourcecode.c.objc; path = ttrRESTProxy.m; sourceTree = "<group>"; };
		01E57BF41B3AFC8B006C4047 /* Base64.h */ = {isa = PBXFileReference; fileEncoding = 4; lastKnownFileType = sourcecode.c.h; path = Base64.h; sourceTree = "<group>"; };
		01E57BF51B3AFC8B006C4047 /* Base64.m */ = {isa = PBXFileReference; fileEncoding = 4; lastKnownFileType = sourcecode.c.objc; path = Base64.m; sourceTree = "<group>"; };
		01EB8D4E1B39A27000CFF090 /* ttrProfilePictureCapture.h */ = {isa = PBXFileReference; fileEncoding = 4; lastKnownFileType = sourcecode.c.h; path = ttrProfilePictureCapture.h; sourceTree = "<group>"; };
		01EB8D4F1B39A27000CFF090 /* ttrProfilePictureCapture.m */ = {isa = PBXFileReference; fileEncoding = 4; lastKnownFileType = sourcecode.c.objc; path = ttrProfilePictureCapture.m; sourceTree = "<group>"; };
		01F159D41B3999DD00FDF78B /* AVFoundation.framework */ = {isa = PBXFileReference; lastKnownFileType = wrapper.framework; name = AVFoundation.framework; path = System/Library/Frameworks/AVFoundation.framework; sourceTree = SDKROOT; };
/* End PBXFileReference section */

/* Begin PBXFrameworksBuildPhase section */
		017B58AE1B381051002A0ED6 /* Frameworks */ = {
			isa = PBXFrameworksBuildPhase;
			buildActionMask = 2147483647;
			files = (
				01F159D51B3999DD00FDF78B /* AVFoundation.framework in Frameworks */,
			);
			runOnlyForDeploymentPostprocessing = 0;
		};
		017B58C71B381051002A0ED6 /* Frameworks */ = {
			isa = PBXFrameworksBuildPhase;
			buildActionMask = 2147483647;
			files = (
			);
			runOnlyForDeploymentPostprocessing = 0;
		};
/* End PBXFrameworksBuildPhase section */

/* Begin PBXGroup section */
		017B58A81B381051002A0ED6 = {
			isa = PBXGroup;
			children = (
				01F159D41B3999DD00FDF78B /* AVFoundation.framework */,
				017B58B31B381051002A0ED6 /* TexTr */,
				017B58CD1B381051002A0ED6 /* TexTrTests */,
				017B58B21B381051002A0ED6 /* Products */,
			);
			sourceTree = "<group>";
		};
		017B58B21B381051002A0ED6 /* Products */ = {
			isa = PBXGroup;
			children = (
				017B58B11B381051002A0ED6 /* TexTr.app */,
				017B58CA1B381051002A0ED6 /* TexTrTests.xctest */,
			);
			name = Products;
			sourceTree = "<group>";
		};
		017B58B31B381051002A0ED6 /* TexTr */ = {
			isa = PBXGroup;
			children = (
				01D728551B3829CC004C3F52 /* Authorization */,
				01D728431B3824A6004C3F52 /* Home */,
				01D728451B3824A6004C3F52 /* Utilities */,
				017B58B81B381051002A0ED6 /* AppDelegate.h */,
				017B58B91B381051002A0ED6 /* AppDelegate.m */,
				017B58BE1B381051002A0ED6 /* Main.storyboard */,
				017B58C11B381051002A0ED6 /* Images.xcassets */,
				017B58B41B381051002A0ED6 /* Supporting Files */,
			);
			path = TexTr;
			sourceTree = "<group>";
		};
		017B58B41B381051002A0ED6 /* Supporting Files */ = {
			isa = PBXGroup;
			children = (
				017B58B51B381051002A0ED6 /* Info.plist */,
				017B58B61B381051002A0ED6 /* main.m */,
			);
			name = "Supporting Files";
			sourceTree = "<group>";
		};
		017B58CD1B381051002A0ED6 /* TexTrTests */ = {
			isa = PBXGroup;
			children = (
				017B58D01B381051002A0ED6 /* TexTrTests.m */,
				017B58CE1B381051002A0ED6 /* Supporting Files */,
			);
			path = TexTrTests;
			sourceTree = "<group>";
		};
		017B58CE1B381051002A0ED6 /* Supporting Files */ = {
			isa = PBXGroup;
			children = (
				017B58CF1B381051002A0ED6 /* Info.plist */,
			);
			name = "Supporting Files";
			sourceTree = "<group>";
		};
		01D728431B3824A6004C3F52 /* Home */ = {
			isa = PBXGroup;
			children = (
			);
			path = Home;
			sourceTree = "<group>";
		};
		01D728451B3824A6004C3F52 /* Utilities */ = {
			isa = PBXGroup;
			children = (
				01E57BF41B3AFC8B006C4047 /* Base64.h */,
				01E57BF51B3AFC8B006C4047 /* Base64.m */,
				01D728461B38262A004C3F52 /* ttrBaseNavController.h */,
				01D728471B38262A004C3F52 /* ttrBaseNavController.m */,
				01D728491B38264C004C3F52 /* ttrDefaults.h */,
				01D7284A1B38264C004C3F52 /* ttrDefaults.m */,
				01D7284C1B382662004C3F52 /* ttrBaseController.h */,
				01D7284D1B382662004C3F52 /* ttrBaseController.m */,
				01D7284F1B382846004C3F52 /* ttrCommonUtilities.h */,
				01D728501B382846004C3F52 /* ttrCommonUtilities.m */,
				01D728521B38291E004C3F52 /* ttrBaseNavigatorSegue.h */,
				01D728531B38291E004C3F52 /* ttrBaseNavigatorSegue.m */,
				01E57BEE1B3AC182006C4047 /* ttrCaptureDate.h */,
				01E57BEF1B3AC182006C4047 /* ttrCaptureDate.m */,
				01E57BF11B3AD2DE006C4047 /* ttrRESTProxy.h */,
				01E57BF21B3AD2DE006C4047 /* ttrRESTProxy.m */,
			);
			path = Utilities;
			sourceTree = "<group>";
		};
		01D728551B3829CC004C3F52 /* Authorization */ = {
			isa = PBXGroup;
			children = (
				01D728561B3829EE004C3F52 /* ttrSgnLgnOptionScreen.h */,
				01D728571B3829EE004C3F52 /* ttrSgnLgnOptionScreen.m */,
				01D728591B384AFC004C3F52 /* ttrSignUpCtrlr.h */,
				01D7285A1B384AFC004C3F52 /* ttrSignUpCtrlr.m */,
				01D7285C1B385630004C3F52 /* ttrSignUpView.h */,
				01D7285D1B385630004C3F52 /* ttrSignUpView.m */,
				01EB8D4E1B39A27000CFF090 /* ttrProfilePictureCapture.h */,
				01EB8D4F1B39A27000CFF090 /* ttrProfilePictureCapture.m */,
				011B759F1B3B85BE001D2119 /* ttrLoginCtrlr.h */,
				011B75A01B3B85BE001D2119 /* ttrLoginCtrlr.m */,
				011B75A21B3B86D5001D2119 /* ttrLoginView.h */,
				011B75A31B3B86D5001D2119 /* ttrLoginView.m */,
			);
			path = Authorization;
			sourceTree = "<group>";
		};
/* End PBXGroup section */

/* Begin PBXNativeTarget section */
		017B58B01B381051002A0ED6 /* TexTr */ = {
			isa = PBXNativeTarget;
			buildConfigurationList = 017B58D41B381051002A0ED6 /* Build configuration list for PBXNativeTarget "TexTr" */;
			buildPhases = (
				017B58AD1B381051002A0ED6 /* Sources */,
				017B58AE1B381051002A0ED6 /* Frameworks */,
				017B58AF1B381051002A0ED6 /* Resources */,
			);
			buildRules = (
			);
			dependencies = (
			);
			name = TexTr;
			productName = TexTr;
			productReference = 017B58B11B381051002A0ED6 /* TexTr.app */;
			productType = "com.apple.product-type.application";
		};
		017B58C91B381051002A0ED6 /* TexTrTests */ = {
			isa = PBXNativeTarget;
			buildConfigurationList = 017B58D71B381051002A0ED6 /* Build configuration list for PBXNativeTarget "TexTrTests" */;
			buildPhases = (
				017B58C61B381051002A0ED6 /* Sources */,
				017B58C71B381051002A0ED6 /* Frameworks */,
				017B58C81B381051002A0ED6 /* Resources */,
			);
			buildRules = (
			);
			dependencies = (
				017B58CC1B381051002A0ED6 /* PBXTargetDependency */,
			);
			name = TexTrTests;
			productName = TexTrTests;
			productReference = 017B58CA1B381051002A0ED6 /* TexTrTests.xctest */;
			productType = "com.apple.product-type.bundle.unit-test";
		};
/* End PBXNativeTarget section */

/* Begin PBXProject section */
		017B58A91B381051002A0ED6 /* Project object */ = {
			isa = PBXProject;
			attributes = {
				LastUpgradeCheck = 0630;
				ORGANIZATIONNAME = "Enter key solutions";
				TargetAttributes = {
					017B58B01B381051002A0ED6 = {
						CreatedOnToolsVersion = 6.3.2;
					};
					017B58C91B381051002A0ED6 = {
						CreatedOnToolsVersion = 6.3.2;
						TestTargetID = 017B58B01B381051002A0ED6;
					};
				};
			};
			buildConfigurationList = 017B58AC1B381051002A0ED6 /* Build configuration list for PBXProject "TexTr" */;
			compatibilityVersion = "Xcode 3.2";
			developmentRegion = English;
			hasScannedForEncodings = 0;
			knownRegions = (
				en,
				Base,
			);
			mainGroup = 017B58A81B381051002A0ED6;
			productRefGroup = 017B58B21B381051002A0ED6 /* Products */;
			projectDirPath = "";
			projectRoot = "";
			targets = (
				017B58B01B381051002A0ED6 /* TexTr */,
				017B58C91B381051002A0ED6 /* TexTrTests */,
			);
		};
/* End PBXProject section */

/* Begin PBXResourcesBuildPhase section */
		017B58AF1B381051002A0ED6 /* Resources */ = {
			isa = PBXResourcesBuildPhase;
			buildActionMask = 2147483647;
			files = (
				017B58C01B381051002A0ED6 /* Main.storyboard in Resources */,
				017B58C21B381051002A0ED6 /* Images.xcassets in Resources */,
			);
			runOnlyForDeploymentPostprocessing = 0;
		};
		017B58C81B381051002A0ED6 /* Resources */ = {
			isa = PBXResourcesBuildPhase;
			buildActionMask = 2147483647;
			files = (
			);
			runOnlyForDeploymentPostprocessing = 0;
		};
/* End PBXResourcesBuildPhase section */

/* Begin PBXSourcesBuildPhase section */
		017B58AD1B381051002A0ED6 /* Sources */ = {
			isa = PBXSourcesBuildPhase;
			buildActionMask = 2147483647;
			files = (
				01E57BF61B3AFC8B006C4047 /* Base64.m in Sources */,
				01E57BF31B3AD2DE006C4047 /* ttrRESTProxy.m in Sources */,
				01D7284E1B382662004C3F52 /* ttrBaseController.m in Sources */,
				01D7285E1B385630004C3F52 /* ttrSignUpView.m in Sources */,
				01EB8D501B39A27000CFF090 /* ttrProfilePictureCapture.m in Sources */,
				01D728581B3829EE004C3F52 /* ttrSgnLgnOptionScreen.m in Sources */,
				01D728511B382846004C3F52 /* ttrCommonUtilities.m in Sources */,
				011B75A41B3B86D5001D2119 /* ttrLoginView.m in Sources */,
				01D728541B38291E004C3F52 /* ttrBaseNavigatorSegue.m in Sources */,
				017B58BA1B381051002A0ED6 /* AppDelegate.m in Sources */,
				01E57BF01B3AC182006C4047 /* ttrCaptureDate.m in Sources */,
				01D7284B1B38264C004C3F52 /* ttrDefaults.m in Sources */,
				017B58B71B381051002A0ED6 /* main.m in Sources */,
				011B75A11B3B85BE001D2119 /* ttrLoginCtrlr.m in Sources */,
				01D728481B38262A004C3F52 /* ttrBaseNavController.m in Sources */,
				01D7285B1B384AFC004C3F52 /* ttrSignUpCtrlr.m in Sources */,
			);
			runOnlyForDeploymentPostprocessing = 0;
		};
		017B58C61B381051002A0ED6 /* Sources */ = {
			isa = PBXSourcesBuildPhase;
			buildActionMask = 2147483647;
			files = (
				017B58D11B381051002A0ED6 /* TexTrTests.m in Sources */,
			);
			runOnlyForDeploymentPostprocessing = 0;
		};
/* End PBXSourcesBuildPhase section */

/* Begin PBXTargetDependency section */
		017B58CC1B381051002A0ED6 /* PBXTargetDependency */ = {
			isa = PBXTargetDependency;
			target = 017B58B01B381051002A0ED6 /* TexTr */;
			targetProxy = 017B58CB1B381051002A0ED6 /* PBXContainerItemProxy */;
		};
/* End PBXTargetDependency section */

/* Begin PBXVariantGroup section */
		017B58BE1B381051002A0ED6 /* Main.storyboard */ = {
			isa = PBXVariantGroup;
			children = (
				017B58BF1B381051002A0ED6 /* Base */,
			);
			name = Main.storyboard;
			sourceTree = "<group>";
		};
/* End PBXVariantGroup section */

/* Begin XCBuildConfiguration section */
		017B58D21B381051002A0ED6 /* Debug */ = {
			isa = XCBuildConfiguration;
			buildSettings = {
				ALWAYS_SEARCH_USER_PATHS = NO;
				CLANG_CXX_LANGUAGE_STANDARD = "gnu++0x";
				CLANG_CXX_LIBRARY = "libc++";
				CLANG_ENABLE_MODULES = YES;
				CLANG_ENABLE_OBJC_ARC = YES;
				CLANG_WARN_BOOL_CONVERSION = YES;
				CLANG_WARN_CONSTANT_CONVERSION = YES;
				CLANG_WARN_DIRECT_OBJC_ISA_USAGE = YES_ERROR;
				CLANG_WARN_EMPTY_BODY = YES;
				CLANG_WARN_ENUM_CONVERSION = YES;
				CLANG_WARN_INT_CONVERSION = YES;
				CLANG_WARN_OBJC_ROOT_CLASS = YES_ERROR;
				CLANG_WARN_UNREACHABLE_CODE = YES;
				CLANG_WARN__DUPLICATE_METHOD_MATCH = YES;
				"CODE_SIGN_IDENTITY[sdk=iphoneos*]" = "iPhone Developer";
				COPY_PHASE_STRIP = NO;
				DEBUG_INFORMATION_FORMAT = "dwarf-with-dsym";
				ENABLE_STRICT_OBJC_MSGSEND = YES;
				GCC_C_LANGUAGE_STANDARD = gnu99;
				GCC_DYNAMIC_NO_PIC = NO;
				GCC_NO_COMMON_BLOCKS = YES;
				GCC_OPTIMIZATION_LEVEL = 0;
				GCC_PREPROCESSOR_DEFINITIONS = (
					"DEBUG=1",
					"$(inherited)",
				);
				GCC_SYMBOLS_PRIVATE_EXTERN = NO;
				GCC_WARN_64_TO_32_BIT_CONVERSION = YES;
				GCC_WARN_ABOUT_RETURN_TYPE = YES_ERROR;
				GCC_WARN_UNDECLARED_SELECTOR = YES;
				GCC_WARN_UNINITIALIZED_AUTOS = YES_AGGRESSIVE;
				GCC_WARN_UNUSED_FUNCTION = YES;
				GCC_WARN_UNUSED_VARIABLE = YES;
				IPHONEOS_DEPLOYMENT_TARGET = 8.0;
				MTL_ENABLE_DEBUG_INFO = YES;
				ONLY_ACTIVE_ARCH = YES;
				SDKROOT = iphoneos;
			};
			name = Debug;
		};
		017B58D31B381051002A0ED6 /* Release */ = {
			isa = XCBuildConfiguration;
			buildSettings = {
				ALWAYS_SEARCH_USER_PATHS = NO;
				CLANG_CXX_LANGUAGE_STANDARD = "gnu++0x";
				CLANG_CXX_LIBRARY = "libc++";
				CLANG_ENABLE_MODULES = YES;
				CLANG_ENABLE_OBJC_ARC = YES;
				CLANG_WARN_BOOL_CONVERSION = YES;
				CLANG_WARN_CONSTANT_CONVERSION = YES;
				CLANG_WARN_DIRECT_OBJC_ISA_USAGE = YES_ERROR;
				CLANG_WARN_EMPTY_BODY = YES;
				CLANG_WARN_ENUM_CONVERSION = YES;
				CLANG_WARN_INT_CONVERSION = YES;
				CLANG_WARN_OBJC_ROOT_CLASS = YES_ERROR;
				CLANG_WARN_UNREACHABLE_CODE = YES;
				CLANG_WARN__DUPLICATE_METHOD_MATCH = YES;
				"CODE_SIGN_IDENTITY[sdk=iphoneos*]" = "iPhone Developer";
				COPY_PHASE_STRIP = NO;
				DEBUG_INFORMATION_FORMAT = "dwarf-with-dsym";
				ENABLE_NS_ASSERTIONS = NO;
				ENABLE_STRICT_OBJC_MSGSEND = YES;
				GCC_C_LANGUAGE_STANDARD = gnu99;
				GCC_NO_COMMON_BLOCKS = YES;
				GCC_WARN_64_TO_32_BIT_CONVERSION = YES;
				GCC_WARN_ABOUT_RETURN_TYPE = YES_ERROR;
				GCC_WARN_UNDECLARED_SELECTOR = YES;
				GCC_WARN_UNINITIALIZED_AUTOS = YES_AGGRESSIVE;
				GCC_WARN_UNUSED_FUNCTION = YES;
				GCC_WARN_UNUSED_VARIABLE = YES;
				IPHONEOS_DEPLOYMENT_TARGET = 8.0;
				MTL_ENABLE_DEBUG_INFO = NO;
				SDKROOT = iphoneos;
				VALIDATE_PRODUCT = YES;
			};
			name = Release;
		};
		017B58D51B381051002A0ED6 /* Debug */ = {
			isa = XCBuildConfiguration;
			buildSettings = {
				ASSETCATALOG_COMPILER_APPICON_NAME = AppIcon;
				ASSETCATALOG_COMPILER_LAUNCHIMAGE_NAME = LaunchImage;
				INFOPLIST_FILE = TexTr/Info.plist;
				LD_RUNPATH_SEARCH_PATHS = "$(inherited) @executable_path/Frameworks";
				PRODUCT_NAME = "$(TARGET_NAME)";
				TARGETED_DEVICE_FAMILY = 1;
			};
			name = Debug;
		};
		017B58D61B381051002A0ED6 /* Release */ = {
			isa = XCBuildConfiguration;
			buildSettings = {
				ASSETCATALOG_COMPILER_APPICON_NAME = AppIcon;
				ASSETCATALOG_COMPILER_LAUNCHIMAGE_NAME = LaunchImage;
				INFOPLIST_FILE = TexTr/Info.plist;
				LD_RUNPATH_SEARCH_PATHS = "$(inherited) @executable_path/Frameworks";
				PRODUCT_NAME = "$(TARGET_NAME)";
				TARGETED_DEVICE_FAMILY = 1;
			};
			name = Release;
		};
		017B58D81B381051002A0ED6 /* Debug */ = {
			isa = XCBuildConfiguration;
			buildSettings = {
				BUNDLE_LOADER = "$(TEST_HOST)";
				FRAMEWORK_SEARCH_PATHS = (
					"$(SDKROOT)/Developer/Library/Frameworks",
					"$(inherited)",
				);
				GCC_PREPROCESSOR_DEFINITIONS = (
					"DEBUG=1",
					"$(inherited)",
				);
				INFOPLIST_FILE = TexTrTests/Info.plist;
				LD_RUNPATH_SEARCH_PATHS = "$(inherited) @executable_path/Frameworks @loader_path/Frameworks";
				PRODUCT_NAME = "$(TARGET_NAME)";
				TEST_HOST = "$(BUILT_PRODUCTS_DIR)/TexTr.app/TexTr";
			};
			name = Debug;
		};
		017B58D91B381051002A0ED6 /* Release */ = {
			isa = XCBuildConfiguration;
			buildSettings = {
				BUNDLE_LOADER = "$(TEST_HOST)";
				FRAMEWORK_SEARCH_PATHS = (
					"$(SDKROOT)/Developer/Library/Frameworks",
					"$(inherited)",
				);
				INFOPLIST_FILE = TexTrTests/Info.plist;
				LD_RUNPATH_SEARCH_PATHS = "$(inherited) @executable_path/Frameworks @loader_path/Frameworks";
				PRODUCT_NAME = "$(TARGET_NAME)";
				TEST_HOST = "$(BUILT_PRODUCTS_DIR)/TexTr.app/TexTr";
			};
			name = Release;
		};
/* End XCBuildConfiguration section */

/* Begin XCConfigurationList section */
		017B58AC1B381051002A0ED6 /* Build configuration list for PBXProject "TexTr" */ = {
			isa = XCConfigurationList;
			buildConfigurations = (
				017B58D21B381051002A0ED6 /* Debug */,
				017B58D31B381051002A0ED6 /* Release */,
			);
			defaultConfigurationIsVisible = 0;
			defaultConfigurationName = Release;
		};
		017B58D41B381051002A0ED6 /* Build configuration list for PBXNativeTarget "TexTr" */ = {
			isa = XCConfigurationList;
			buildConfigurations = (
				017B58D51B381051002A0ED6 /* Debug */,
				017B58D61B381051002A0ED6 /* Release */,
			);
			defaultConfigurationIsVisible = 0;
			defaultConfigurationName = Release;
		};
		017B58D71B381051002A0ED6 /* Build configuration list for PBXNativeTarget "TexTrTests" */ = {
			isa = XCConfigurationList;
			buildConfigurations = (
				017B58D81B381051002A0ED6 /* Debug */,
				017B58D91B381051002A0ED6 /* Release */,
			);
			defaultConfigurationIsVisible = 0;
			defaultConfigurationName = Release;
		};
/* End XCConfigurationList section */
	};
	rootObject = 017B58A91B381051002A0ED6 /* Project object */;
}
